{
  "name": "dano-ledger-recovery",
  "version": "1.0.0",
  "lockfileVersion": 3,
  "requires": true,
  "packages": {
    "": {
      "name": "dano-ledger-recovery",
      "version": "1.0.0",
      "license": "MIT",
      "dependencies": {
        "@polkadot/keyring": "13.5.6",
        "@polkadot/util-crypto": "13.5.6",
        "bip32": "5.0.0",
        "bip39": "3.1.0",
        "bitcoinjs-lib": "7.0.0",
        "ed25519-hd-key": "1.3.0",
        "ethers": "6.15.0",
        "tiny-secp256k1": "2.2.4"
      }
    },
    "node_modules/@adraffy/ens-normalize": {
      "version": "1.10.1",
      "resolved": "https://registry.npmjs.org/@adraffy/ens-normalize/-/ens-normalize-1.10.1.tgz",
      "integrity": "sha512-96Z2IP3mYmF1Xg2cDm8f1gWGf/HUVedQ3FMifV4kG/PQ4yEP51xDtRAEfhVNt5f/uzpNkZHwWQuUcu6D6K+Ekw==",
      "license": "MIT"
    },
    "node_modules/@noble/curves": {
      "version": "1.9.7",
      "resolved": "https://registry.npmjs.org/@noble/curves/-/curves-1.9.7.tgz",
      "integrity": "sha512-gbKGcRUYIjA3/zCCNaWDciTMFI0dCkvou3TL8Zmy5Nc7sJ47a0jtOeZoTaMxkuqRo9cRhjOdZJXegxYE5FN/xw==",
      "license": "MIT",
      "dependencies": {
        "@noble/hashes": "1.8.0"
      },
      "engines": {
        "node": "^14.21.3 || >=16"
      },
      "funding": {
        "url": "https://paulmillr.com/funding/"
      }
    },
    "node_modules/@noble/hashes": {
      "version": "1.8.0",
      "resolved": "https://registry.npmjs.org/@noble/hashes/-/hashes-1.8.0.tgz",
      "integrity": "sha512-jCs9ldd7NwzpgXDIf6P3+NrHh9/sD6CQdxHyjQI+h/6rDNo88ypBxxz45UDuZHz9r3tNz7N/VInSVoVdtXEI4A==",
      "license": "MIT",
      "engines": {
        "node": "^14.21.3 || >=16"
      },
      "funding": {
        "url": "https://paulmillr.com/funding/"
      }
    },
    "node_modules/@polkadot/keyring": {
      "version": "13.5.6",
      "resolved": "https://registry.npmjs.org/@polkadot/keyring/-/keyring-13.5.6.tgz",
      "integrity": "sha512-Ybe6Mflrh96FKR5tfEaf/93RxJD7x9UigseNOJW6Yd8LF+GesdxrqmZD7zh+53Hb7smGQWf/0FCfwhoWZVgPUQ==",
      "license": "Apache-2.0",
      "dependencies": {
        "@polkadot/util": "13.5.6",
        "@polkadot/util-crypto": "13.5.6",
        "tslib": "^2.8.0"
      },
      "engines": {
        "node": ">=18"
      },
      "peerDependencies": {
        "@polkadot/util": "13.5.6",
        "@polkadot/util-crypto": "13.5.6"
      }
    },
    "node_modules/@polkadot/networks": {
      "version": "13.5.6",
      "resolved": "https://registry.npmjs.org/@polkadot/networks/-/networks-13.5.6.tgz",
      "integrity": "sha512-9HqUIBOHnz9x/ssPb0aOD/7XcU8vGokEYpLoNgexFNIJzqDgrDHXR197iFpkbMqA/+98zagrvYUyPYj1yYs9Jw==",
      "license": "Apache-2.0",
      "dependencies": {
        "@polkadot/util": "13.5.6",
        "@substrate/ss58-registry": "^1.51.0",
        "tslib": "^2.8.0"
      },
      "engines": {
        "node": ">=18"
      }
    },
    "node_modules/@polkadot/util": {
      "version": "13.5.6",
      "resolved": "https://registry.npmjs.org/@polkadot/util/-/util-13.5.6.tgz",
      "integrity": "sha512-V+CkW2VdhcMWvl7eXdmlCLGqLxrKvXZtXE76KBbPP5n0Z+8DqQ58IHNOE9xe2LOgqDwIzdLlOUwkyF9Zj19y+Q==",
      "license": "Apache-2.0",
      "dependencies": {
        "@polkadot/x-bigint": "13.5.6",
        "@polkadot/x-global": "13.5.6",
        "@polkadot/x-textdecoder": "13.5.6",
        "@polkadot/x-textencoder": "13.5.6",
        "@types/bn.js": "^5.1.6",
        "bn.js": "^5.2.1",
        "tslib": "^2.8.0"
      },
      "engines": {
        "node": ">=18"
      }
    },
    "node_modules/@polkadot/util-crypto": {
      "version": "13.5.6",
      "resolved": "https://registry.npmjs.org/@polkadot/util-crypto/-/util-crypto-13.5.6.tgz",
      "integrity": "sha512-1l+t5lVc9UWxvbJe7/3V+QK8CwrDPuQjDK6FKtDZgZCU0JRrjySOxV0J4PeDIv8TgXZtbIcQFVUhIsJTyKZZJQ==",
      "license": "Apache-2.0",
      "dependencies": {
        "@noble/curves": "^1.3.0",
        "@noble/hashes": "^1.3.3",
        "@polkadot/networks": "13.5.6",
        "@polkadot/util": "13.5.6",
        "@polkadot/wasm-crypto": "^7.5.1",
        "@polkadot/wasm-util": "^7.5.1",
        "@polkadot/x-bigint": "13.5.6",
        "@polkadot/x-randomvalues": "13.5.6",
        "@scure/base": "^1.1.7",
        "tslib": "^2.8.0"
      },
      "engines": {
        "node": ">=18"
      },
      "peerDependencies": {
        "@polkadot/util": "13.5.6"
      }
    },
    "node_modules/@polkadot/wasm-bridge": {
      "version": "7.5.1",
      "resolved": "https://registry.npmjs.org/@polkadot/wasm-bridge/-/wasm-bridge-7.5.1.tgz",
      "integrity": "sha512-E+N3CSnX3YaXpAmfIQ+4bTyiAqJQKvVcMaXjkuL8Tp2zYffClWLG5e+RY15Uh+EWfUl9If4y6cLZi3D5NcpAGQ==",
      "license": "Apache-2.0",
      "dependencies": {
        "@polkadot/wasm-util": "7.5.1",
        "tslib": "^2.7.0"
      },
      "engines": {
        "node": ">=18"
      },
      "peerDependencies": {
        "@polkadot/util": "*",
        "@polkadot/x-randomvalues": "*"
      }
    },
    "node_modules/@polkadot/wasm-crypto": {
      "version": "7.5.1",
      "resolved": "https://registry.npmjs.org/@polkadot/wasm-crypto/-/wasm-crypto-7.5.1.tgz",
      "integrity": "sha512-acjt4VJ3w19v7b/SIPsV/5k9s6JsragHKPnwoZ0KTfBvAFXwzz80jUzVGxA06SKHacfCUe7vBRlz7M5oRby1Pw==",
      "license": "Apache-2.0",
      "dependencies": {
        "@polkadot/wasm-bridge": "7.5.1",
        "@polkadot/wasm-crypto-asmjs": "7.5.1",
        "@polkadot/wasm-crypto-init": "7.5.1",
        "@polkadot/wasm-crypto-wasm": "7.5.1",
        "@polkadot/wasm-util": "7.5.1",
        "tslib": "^2.7.0"
      },
      "engines": {
        "node": ">=18"
      },
      "peerDependencies": {
        "@polkadot/util": "*",
        "@polkadot/x-randomvalues": "*"
      }
    },
    "node_modules/@polkadot/wasm-crypto-asmjs": {
      "version": "7.5.1",
      "resolved": "https://registry.npmjs.org/@polkadot/wasm-crypto-asmjs/-/wasm-crypto-asmjs-7.5.1.tgz",
      "integrity": "sha512-jAg7Uusk+xeHQ+QHEH4c/N3b1kEGBqZb51cWe+yM61kKpQwVGZhNdlWetW6U23t/BMyZArIWMsZqmK/Ij0PHog==",
      "license": "Apache-2.0",
      "dependencies": {
        "tslib": "^2.7.0"
      },
      "engines": {
        "node": ">=18"
      },
      "peerDependencies": {
        "@polkadot/util": "*"
      }
    },
    "node_modules/@polkadot/wasm-crypto-init": {
      "version": "7.5.1",
      "resolved": "https://registry.npmjs.org/@polkadot/wasm-crypto-init/-/wasm-crypto-init-7.5.1.tgz",
      "integrity": "sha512-Obu4ZEo5jYO6sN31eqCNOXo88rPVkP9TrUOyynuFCnXnXr8V/HlmY/YkAd9F87chZnkTJRlzak17kIWr+i7w3A==",
      "license": "Apache-2.0",
      "dependencies": {
        "@polkadot/wasm-bridge": "7.5.1",
        "@polkadot/wasm-crypto-asmjs": "7.5.1",
        "@polkadot/wasm-crypto-wasm": "7.5.1",
        "@polkadot/wasm-util": "7.5.1",
        "tslib": "^2.7.0"
      },
      "engines": {
        "node": ">=18"
      },
      "peerDependencies": {
        "@polkadot/util": "*",
        "@polkadot/x-randomvalues": "*"
      }
    },
    "node_modules/@polkadot/wasm-crypto-wasm": {
      "version": "7.5.1",
      "resolved": "https://registry.npmjs.org/@polkadot/wasm-crypto-wasm/-/wasm-crypto-wasm-7.5.1.tgz",
      "integrity": "sha512-S2yQSGbOGTcaV6UdipFVyEGanJvG6uD6Tg7XubxpiGbNAblsyYKeFcxyH1qCosk/4qf+GIUwlOL4ydhosZflqg==",
      "license": "Apache-2.0",
      "dependencies": {
        "@polkadot/wasm-util": "7.5.1",
        "tslib": "^2.7.0"
      },
      "engines": {
        "node": ">=18"
      },
      "peerDependencies": {
        "@polkadot/util": "*"
      }
    },
    "node_modules/@polkadot/wasm-util": {
      "version": "7.5.1",
      "resolved": "https://registry.npmjs.org/@polkadot/wasm-util/-/wasm-util-7.5.1.tgz",
      "integrity": "sha512-sbvu71isFhPXpvMVX+EkRnUg/+54Tx7Sf9BEMqxxoPj7cG1I/MKeDEwbQz6MaU4gm7xJqvEWCAemLFcXfHQ/2A==",
      "license": "Apache-2.0",
      "dependencies": {
        "tslib": "^2.7.0"
      },
      "engines": {
        "node": ">=18"
      },
      "peerDependencies": {
        "@polkadot/util": "*"
      }
    },
    "node_modules/@polkadot/x-bigint": {
      "version": "13.5.6",
      "resolved": "https://registry.npmjs.org/@polkadot/x-bigint/-/x-bigint-13.5.6.tgz",
      "integrity": "sha512-HpqZJ9ud94iK/+0Ofacw7QdtvzFp6SucBBml4XwWZTWoLaLOGDsO7FoWE7yCuwPbX8nLgIM6YmQBeUoZmBtVqQ==",
      "license": "Apache-2.0",
      "dependencies": {
        "@polkadot/x-global": "13.5.6",
        "tslib": "^2.8.0"
      },
      "engines": {
        "node": ">=18"
      }
    },
    "node_modules/@polkadot/x-global": {
      "version": "13.5.6",
      "resolved": "https://registry.npmjs.org/@polkadot/x-global/-/x-global-13.5.6.tgz",
      "integrity": "sha512-iw97n0Bnl2284WgAK732LYR4DW6w5+COfBfHzkhiHqs5xwPEwWMgWGrf2hM8WAQqNIz6Ni8w/jagucPyQBur3Q==",
      "license": "Apache-2.0",
      "dependencies": {
        "tslib": "^2.8.0"
      },
      "engines": {
        "node": ">=18"
      }
    },
    "node_modules/@polkadot/x-randomvalues": {
      "version": "13.5.6",
      "resolved": "https://registry.npmjs.org/@polkadot/x-randomvalues/-/x-randomvalues-13.5.6.tgz",
      "integrity": "sha512-w1F9G7FxrJ7+hGC8bh9/VpPH4KN8xmyzgiQdR7+rVB2V8KsKQBQidG69pj5Kwsh3oODOz0yQYsTG6Rm6TAJbGA==",
      "license": "Apache-2.0",
      "dependencies": {
        "@polkadot/x-global": "13.5.6",
        "tslib": "^2.8.0"
      },
      "engines": {
        "node": ">=18"
      },
      "peerDependencies": {
        "@polkadot/util": "13.5.6",
        "@polkadot/wasm-util": "*"
      }
    },
    "node_modules/@polkadot/x-textdecoder": {
      "version": "13.5.6",
      "resolved": "https://registry.npmjs.org/@polkadot/x-textdecoder/-/x-textdecoder-13.5.6.tgz",
      "integrity": "sha512-jTGeYCxFh89KRrP7bNj1CPqKO36Onsi0iA6A+5YtRS5wjdQU+/OFM/EHLTP2nvkvZo/tOkOewMR9sausisUvVQ==",
      "license": "Apache-2.0",
      "dependencies": {
        "@polkadot/x-global": "13.5.6",
        "tslib": "^2.8.0"
      },
      "engines": {
        "node": ">=18"
      }
    },
    "node_modules/@polkadot/x-textencoder": {
      "version": "13.5.6",
      "resolved": "https://registry.npmjs.org/@polkadot/x-textencoder/-/x-textencoder-13.5.6.tgz",
      "integrity": "sha512-iVwz9+OrYCEF9QbNfr9M206mmWvY/AhDmGPfAIeTR4fRgKGVYqcP8RIF8iu/x0MVQWqiVO3vlhlUk7MfrmAnoQ==",
      "license": "Apache-2.0",
      "dependencies": {
        "@polkadot/x-global": "13.5.6",
        "tslib": "^2.8.0"
      },
      "engines": {
        "node": ">=18"
      }
    },
    "node_modules/@scure/base": {
      "version": "1.2.6",
      "resolved": "https://registry.npmjs.org/@scure/base/-/base-1.2.6.tgz",
      "integrity": "sha512-g/nm5FgUa//MCj1gV09zTJTaM6KBAHqLN907YVQqf7zC49+DcO4B1so4ZX07Ef10Twr6nuqYEH9GEggFXA4Fmg==",
      "license": "MIT",
      "funding": {
        "url": "https://paulmillr.com/funding/"
      }
    },
    "node_modules/@substrate/ss58-registry": {
      "version": "1.51.0",
      "resolved": "https://registry.npmjs.org/@substrate/ss58-registry/-/ss58-registry-1.51.0.tgz",
      "integrity": "sha512-TWDurLiPxndFgKjVavCniytBIw+t4ViOi7TYp9h/D0NMmkEc9klFTo+827eyEJ0lELpqO207Ey7uGxUa+BS1jQ==",
      "license": "Apache-2.0"
    },
    "node_modules/@types/bn.js": {
      "version": "5.2.0",
      "resolved": "https://registry.npmjs.org/@types/bn.js/-/bn.js-5.2.0.tgz",
      "integrity": "sha512-DLbJ1BPqxvQhIGbeu8VbUC1DiAiahHtAYvA0ZEAa4P31F7IaArc8z3C3BRQdWX4mtLQuABG4yzp76ZrS02Ui1Q==",
      "license": "MIT",
      "dependencies": {
        "@types/node": "*"
      }
    },
    "node_modules/@types/node": {
      "version": "24.7.2",
      "resolved": "https://registry.npmjs.org/@types/node/-/node-24.7.2.tgz",
      "integrity": "sha512-/NbVmcGTP+lj5oa4yiYxxeBjRivKQ5Ns1eSZeB99ExsEQ6rX5XYU1Zy/gGxY/ilqtD4Etx9mKyrPxZRetiahhA==",
      "license": "MIT",
      "dependencies": {
        "undici-types": "~7.14.0"
      }
    },
    "node_modules/aes-js": {
      "version": "4.0.0-beta.5",
      "resolved": "https://registry.npmjs.org/aes-js/-/aes-js-4.0.0-beta.5.tgz",
      "integrity": "sha512-G965FqalsNyrPqgEGON7nIx1e/OVENSgiEIzyC63haUMuvNnwIgIjMs52hlTCKhkBny7A2ORNlfY9Zu+jmGk1Q==",
      "license": "MIT"
    },
    "node_modules/available-typed-arrays": {
      "version": "1.0.7",
      "resolved": "https://registry.npmjs.org/available-typed-arrays/-/available-typed-arrays-1.0.7.tgz",
      "integrity": "sha512-wvUjBtSGN7+7SjNpq/9M2Tg350UZD3q62IFZLbRAR1bSMlCo1ZaeW+BJ+D090e4hIIZLBcTDWe4Mh4jvUDajzQ==",
      "license": "MIT",
      "dependencies": {
        "possible-typed-array-names": "^1.0.0"
      },
      "engines": {
        "node": ">= 0.4"
      },
      "funding": {
        "url": "https://github.com/sponsors/ljharb"
      }
    },
    "node_modules/base-x": {
      "version": "5.0.1",
      "resolved": "https://registry.npmjs.org/base-x/-/base-x-5.0.1.tgz",
      "integrity": "sha512-M7uio8Zt++eg3jPj+rHMfCC+IuygQHHCOU+IYsVtik6FWjuYpVt/+MRKcgsAMHh8mMFAwnB+Bs+mTrFiXjMzKg==",
      "license": "MIT"
    },
    "node_modules/bech32": {
      "version": "2.0.0",
      "resolved": "https://registry.npmjs.org/bech32/-/bech32-2.0.0.tgz",
      "integrity": "sha512-LcknSilhIGatDAsY1ak2I8VtGaHNhgMSYVxFrGLXv+xLHytaKZKcaUJJUE7qmBr7h33o5YQwP55pMI0xmkpJwg==",
      "license": "MIT"
    },
    "node_modules/bip174": {
      "version": "3.0.0",
      "resolved": "https://registry.npmjs.org/bip174/-/bip174-3.0.0.tgz",
      "integrity": "sha512-N3vz3rqikLEu0d6yQL8GTrSkpYb35NQKWMR7Hlza0lOj6ZOlvQ3Xr7N9Y+JPebaCVoEUHdBeBSuLxcHr71r+Lw==",
      "license": "MIT",
      "dependencies": {
        "uint8array-tools": "^0.0.9",
        "varuint-bitcoin": "^2.0.0"
      },
      "engines": {
        "node": ">=18.0.0"
      }
    },
    "node_modules/bip174/node_modules/uint8array-tools": {
      "version": "0.0.9",
      "resolved": "https://registry.npmjs.org/uint8array-tools/-/uint8array-tools-0.0.9.tgz",
      "integrity": "sha512-9vqDWmoSXOoi+K14zNaf6LBV51Q8MayF0/IiQs3GlygIKUYtog603e6virExkjjFosfJUBI4LhbQK1iq8IG11A==",
      "license": "MIT",
      "engines": {
        "node": ">=14.0.0"
      }
    },
    "node_modules/bip32": {
      "version": "5.0.0",
      "resolved": "https://registry.npmjs.org/bip32/-/bip32-5.0.0.tgz",
      "integrity": "sha512-h043yQ9n3iU4WZ8KLRpEECMl3j1yx2DQ1kcPlzWg8VZC0PtukbDiyLDKbe6Jm79mL6Tfg+WFuZMYxnzVyr/Hyw==",
      "license": "MIT",
      "dependencies": {
        "@noble/hashes": "^1.2.0",
        "@scure/base": "^1.1.1",
        "uint8array-tools": "^0.0.8",
        "valibot": "^0.37.0",
        "wif": "^5.0.0"
      },
      "engines": {
        "node": ">=18.0.0"
      }
    },
    "node_modules/bip39": {
      "version": "3.1.0",
      "resolved": "https://registry.npmjs.org/bip39/-/bip39-3.1.0.tgz",
      "integrity": "sha512-c9kiwdk45Do5GL0vJMe7tS95VjCii65mYAH7DfWl3uW8AVzXKQVUm64i3hzVybBDMp9r7j9iNxR85+ul8MdN/A==",
      "license": "ISC",
      "dependencies": {
        "@noble/hashes": "^1.2.0"
      }
    },
    "node_modules/bitcoinjs-lib": {
      "version": "7.0.0",
      "resolved": "https://registry.npmjs.org/bitcoinjs-lib/-/bitcoinjs-lib-7.0.0.tgz",
      "integrity": "sha512-2W6dGXFd1KG3Bs90Bzb5+ViCeSKNIYkCUWZ4cvUzUgwnneiNNZ6Sk8twGNcjlesmxC0JyLc/958QycfpvXLg7A==",
      "license": "MIT",
      "dependencies": {
        "@noble/hashes": "^1.2.0",
        "bech32": "^2.0.0",
        "bip174": "^3.0.0",
        "bs58check": "^4.0.0",
        "uint8array-tools": "^0.0.9",
        "valibot": "^0.38.0",
        "varuint-bitcoin": "^2.0.0"
      },
      "engines": {
        "node": ">=18.0.0"
      }
    },
    "node_modules/bitcoinjs-lib/node_modules/uint8array-tools": {
      "version": "0.0.9",
      "resolved": "https://registry.npmjs.org/uint8array-tools/-/uint8array-tools-0.0.9.tgz",
      "integrity": "sha512-9vqDWmoSXOoi+K14zNaf6LBV51Q8MayF0/IiQs3GlygIKUYtog603e6virExkjjFosfJUBI4LhbQK1iq8IG11A==",
      "license": "MIT",
      "engines": {
        "node": ">=14.0.0"
      }
    },
    "node_modules/bitcoinjs-lib/node_modules/valibot": {
      "version": "0.38.0",
      "resolved": "https://registry.npmjs.org/valibot/-/valibot-0.38.0.tgz",
      "integrity": "sha512-RCJa0fetnzp+h+KN9BdgYOgtsMAG9bfoJ9JSjIhFHobKWVWyzM3jjaeNTdpFK9tQtf3q1sguXeERJ/LcmdFE7w==",
      "license": "MIT",
      "peerDependencies": {
        "typescript": ">=5"
      },
      "peerDependenciesMeta": {
        "typescript": {
          "optional": true
        }
      }
    },
    "node_modules/bn.js": {
      "version": "5.2.2",
      "resolved": "https://registry.npmjs.org/bn.js/-/bn.js-5.2.2.tgz",
      "integrity": "sha512-v2YAxEmKaBLahNwE1mjp4WON6huMNeuDvagFZW+ASCuA/ku0bXR9hSMw0XpiqMoA3+rmnyck/tPRSFQkoC9Cuw==",
      "license": "MIT"
    },
    "node_modules/bs58": {
      "version": "6.0.0",
      "resolved": "https://registry.npmjs.org/bs58/-/bs58-6.0.0.tgz",
      "integrity": "sha512-PD0wEnEYg6ijszw/u8s+iI3H17cTymlrwkKhDhPZq+Sokl3AU4htyBFTjAeNAlCCmg0f53g6ih3jATyCKftTfw==",
      "license": "MIT",
      "dependencies": {
        "base-x": "^5.0.0"
      }
    },
    "node_modules/bs58check": {
      "version": "4.0.0",
      "resolved": "https://registry.npmjs.org/bs58check/-/bs58check-4.0.0.tgz",
      "integrity": "sha512-FsGDOnFg9aVI9erdriULkd/JjEWONV/lQE5aYziB5PoBsXRind56lh8doIZIc9X4HoxT5x4bLjMWN1/NB8Zp5g==",
      "license": "MIT",
      "dependencies": {
        "@noble/hashes": "^1.2.0",
        "bs58": "^6.0.0"
      }
    },
    "node_modules/call-bind": {
      "version": "1.0.8",
      "resolved": "https://registry.npmjs.org/call-bind/-/call-bind-1.0.8.tgz",
      "integrity": "sha512-oKlSFMcMwpUg2ednkhQ454wfWiU/ul3CkJe/PEHcTKuiX6RpbehUiFMXu13HalGZxfUwCQzZG747YXBn1im9ww==",
      "license": "MIT",
      "dependencies": {
        "call-bind-apply-helpers": "^1.0.0",
        "es-define-property": "^1.0.0",
        "get-intrinsic": "^1.2.4",
        "set-function-length": "^1.2.2"
      },
      "engines": {
        "node": ">= 0.4"
      },
      "funding": {
        "url": "https://github.com/sponsors/ljharb"
      }
    },
    "node_modules/call-bind-apply-helpers": {
      "version": "1.0.2",
      "resolved": "https://registry.npmjs.org/call-bind-apply-helpers/-/call-bind-apply-helpers-1.0.2.tgz",
      "integrity": "sha512-Sp1ablJ0ivDkSzjcaJdxEunN5/XvksFJ2sMBFfq6x0ryhQV/2b/KwFe21cMpmHtPOSij8K99/wSfoEuTObmuMQ==",
      "license": "MIT",
      "dependencies": {
        "es-errors": "^1.3.0",
        "function-bind": "^1.1.2"
      },
      "engines": {
        "node": ">= 0.4"
      }
    },
    "node_modules/call-bound": {
      "version": "1.0.4",
      "resolved": "https://registry.npmjs.org/call-bound/-/call-bound-1.0.4.tgz",
      "integrity": "sha512-+ys997U96po4Kx/ABpBCqhA9EuxJaQWDQg7295H4hBphv3IZg0boBKuwYpt4YXp6MZ5AmZQnU/tyMTlRpaSejg==",
      "license": "MIT",
      "dependencies": {
        "call-bind-apply-helpers": "^1.0.2",
        "get-intrinsic": "^1.3.0"
      },
      "engines": {
        "node": ">= 0.4"
      },
      "funding": {
        "url": "https://github.com/sponsors/ljharb"
      }
    },
    "node_modules/cipher-base": {
      "version": "1.0.7",
      "resolved": "https://registry.npmjs.org/cipher-base/-/cipher-base-1.0.7.tgz",
      "integrity": "sha512-Mz9QMT5fJe7bKI7MH31UilT5cEK5EHHRCccw/YRFsRY47AuNgaV6HY3rscp0/I4Q+tTW/5zoqpSeRRI54TkDWA==",
      "license": "MIT",
      "dependencies": {
        "inherits": "^2.0.4",
        "safe-buffer": "^5.2.1",
        "to-buffer": "^1.2.2"
      },
      "engines": {
        "node": ">= 0.10"
      }
    },
    "node_modules/core-util-is": {
      "version": "1.0.3",
      "resolved": "https://registry.npmjs.org/core-util-is/-/core-util-is-1.0.3.tgz",
      "integrity": "sha512-ZQBvi1DcpJ4GDqanjucZ2Hj3wEO5pZDS89BWbkcrvdxksJorwUDDZamX9ldFkp9aw2lmBDLgkObEA4DWNJ9FYQ==",
      "license": "MIT"
    },
    "node_modules/create-hash": {
      "version": "1.2.0",
      "resolved": "https://registry.npmjs.org/create-hash/-/create-hash-1.2.0.tgz",
      "integrity": "sha512-z00bCGNHDG8mHAkP7CtT1qVu+bFQUPjYq/4Iv3C3kWjTFV10zIjfSoeqXo9Asws8gwSHDGj/hl2u4OGIjapeCg==",
      "license": "MIT",
      "dependencies": {
        "cipher-base": "^1.0.1",
        "inherits": "^2.0.1",
        "md5.js": "^1.3.4",
        "ripemd160": "^2.0.1",
        "sha.js": "^2.4.0"
      }
    },
    "node_modules/create-hmac": {
      "version": "1.1.7",
      "resolved": "https://registry.npmjs.org/create-hmac/-/create-hmac-1.1.7.tgz",
      "integrity": "sha512-MJG9liiZ+ogc4TzUwuvbER1JRdgvUFSB5+VR/g5h82fGaIRWMWddtKBHi7/sVhfjQZ6SehlyhvQYrcYkaUIpLg==",
      "license": "MIT",
      "dependencies": {
        "cipher-base": "^1.0.3",
        "create-hash": "^1.1.0",
        "inherits": "^2.0.1",
        "ripemd160": "^2.0.0",
        "safe-buffer": "^5.0.1",
        "sha.js": "^2.4.8"
      }
    },
    "node_modules/define-data-property": {
      "version": "1.1.4",
      "resolved": "https://registry.npmjs.org/define-data-property/-/define-data-property-1.1.4.tgz",
      "integrity": "sha512-rBMvIzlpA8v6E+SJZoo++HAYqsLrkg7MSfIinMPFhmkorw7X+dOXVJQs+QT69zGkzMyfDnIMN2Wid1+NbL3T+A==",
      "license": "MIT",
      "dependencies": {
        "es-define-property": "^1.0.0",
        "es-errors": "^1.3.0",
        "gopd": "^1.0.1"
      },
      "engines": {
        "node": ">= 0.4"
      },
      "funding": {
        "url": "https://github.com/sponsors/ljharb"
      }
    },
    "node_modules/dunder-proto": {
      "version": "1.0.1",
      "resolved": "https://registry.npmjs.org/dunder-proto/-/dunder-proto-1.0.1.tgz",
      "integrity": "sha512-KIN/nDJBQRcXw0MLVhZE9iQHmG68qAVIBg9CqmUYjmQIhgij9U5MFvrqkUL5FbtyyzZuOeOt0zdeRe4UY7ct+A==",
      "license": "MIT",
      "dependencies": {
        "call-bind-apply-helpers": "^1.0.1",
        "es-errors": "^1.3.0",
        "gopd": "^1.2.0"
      },
      "engines": {
        "node": ">= 0.4"
      }
    },
    "node_modules/ed25519-hd-key": {
      "version": "1.3.0",
      "resolved": "https://registry.npmjs.org/ed25519-hd-key/-/ed25519-hd-key-1.3.0.tgz",
      "integrity": "sha512-IWwAyiiuJQhgu3L8NaHb68eJxTu2pgCwxIBdgpLJdKpYZM46+AXePSVTr7fkNKaUOfOL4IrjEUaQvyVRIDP7fg==",
      "license": "MIT",
      "dependencies": {
        "create-hmac": "1.1.7",
        "tweetnacl": "1.0.3"
      }
    },
    "node_modules/es-define-property": {
      "version": "1.0.1",
      "resolved": "https://registry.npmjs.org/es-define-property/-/es-define-property-1.0.1.tgz",
      "integrity": "sha512-e3nRfgfUZ4rNGL232gUgX06QNyyez04KdjFrF+LTRoOXmrOgFKDg4BCdsjW8EnT69eqdYGmRpJwiPVYNrCaW3g==",
      "license": "MIT",
      "engines": {
        "node": ">= 0.4"
      }
    },
    "node_modules/es-errors": {
      "version": "1.3.0",
      "resolved": "https://registry.npmjs.org/es-errors/-/es-errors-1.3.0.tgz",
      "integrity": "sha512-Zf5H2Kxt2xjTvbJvP2ZWLEICxA6j+hAmMzIlypy4xcBg1vKVnx89Wy0GbS+kf5cwCVFFzdCFh2XSCFNULS6csw==",
      "license": "MIT",
      "engines": {
        "node": ">= 0.4"
      }
    },
    "node_modules/es-object-atoms": {
      "version": "1.1.1",
      "resolved": "https://registry.npmjs.org/es-object-atoms/-/es-object-atoms-1.1.1.tgz",
      "integrity": "sha512-FGgH2h8zKNim9ljj7dankFPcICIK9Cp5bm+c2gQSYePhpaG5+esrLODihIorn+Pe6FGJzWhXQotPv73jTaldXA==",
      "license": "MIT",
      "dependencies": {
        "es-errors": "^1.3.0"
      },
      "engines": {
        "node": ">= 0.4"
      }
    },
    "node_modules/ethers": {
      "version": "6.15.0",
      "resolved": "https://registry.npmjs.org/ethers/-/ethers-6.15.0.tgz",
      "integrity": "sha512-Kf/3ZW54L4UT0pZtsY/rf+EkBU7Qi5nnhonjUb8yTXcxH3cdcWrV2cRyk0Xk/4jK6OoHhxxZHriyhje20If2hQ==",
      "funding": [
        {
          "type": "individual",
          "url": "https://github.com/sponsors/ethers-io/"
        },
        {
          "type": "individual",
          "url": "https://www.buymeacoffee.com/ricmoo"
        }
      ],
      "license": "MIT",
      "dependencies": {
        "@adraffy/ens-normalize": "1.10.1",
        "@noble/curves": "1.2.0",
        "@noble/hashes": "1.3.2",
        "@types/node": "22.7.5",
        "aes-js": "4.0.0-beta.5",
        "tslib": "2.7.0",
        "ws": "8.17.1"
      },
      "engines": {
        "node": ">=14.0.0"
      }
    },
    "node_modules/ethers/node_modules/@noble/curves": {
      "version": "1.2.0",
      "resolved": "https://registry.npmjs.org/@noble/curves/-/curves-1.2.0.tgz",
      "integrity": "sha512-oYclrNgRaM9SsBUBVbb8M6DTV7ZHRTKugureoYEncY5c65HOmRzvSiTE3y5CYaPYJA/GVkrhXEoF0M3Ya9PMnw==",
      "license": "MIT",
      "dependencies": {
        "@noble/hashes": "1.3.2"
      },
      "funding": {
        "url": "https://paulmillr.com/funding/"
      }
    },
    "node_modules/ethers/node_modules/@noble/hashes": {
      "version": "1.3.2",
      "resolved": "https://registry.npmjs.org/@noble/hashes/-/hashes-1.3.2.tgz",
      "integrity": "sha512-MVC8EAQp7MvEcm30KWENFjgR+Mkmf+D189XJTkFIlwohU5hcBbn1ZkKq7KVTi2Hme3PMGF390DaL52beVrIihQ==",
      "license": "MIT",
      "engines": {
        "node": ">= 16"
      },
      "funding": {
        "url": "https://paulmillr.com/funding/"
      }
    },
    "node_modules/ethers/node_modules/@types/node": {
      "version": "22.7.5",
      "resolved": "https://registry.npmjs.org/@types/node/-/node-22.7.5.tgz",
      "integrity": "sha512-jML7s2NAzMWc//QSJ1a3prpk78cOPchGvXJsC3C6R6PSMoooztvRVQEz89gmBTBY1SPMaqo5teB4uNHPdetShQ==",
      "license": "MIT",
      "dependencies": {
        "undici-types": "~6.19.2"
      }
    },
    "node_modules/ethers/node_modules/tslib": {
      "version": "2.7.0",
      "resolved": "https://registry.npmjs.org/tslib/-/tslib-2.7.0.tgz",
      "integrity": "sha512-gLXCKdN1/j47AiHiOkJN69hJmcbGTHI0ImLmbYLHykhgeN0jVGola9yVjFgzCUklsZQMW55o+dW7IXv3RCXDzA==",
      "license": "0BSD"
    },
    "node_modules/ethers/node_modules/undici-types": {
      "version": "6.19.8",
      "resolved": "https://registry.npmjs.org/undici-types/-/undici-types-6.19.8.tgz",
      "integrity": "sha512-ve2KP6f/JnbPBFyobGHuerC9g1FYGn/F8n1LWTwNxCEzd6IfqTwUQcNXgEtmmQ6DlRrC1hrSrBnCZPokRrDHjw==",
      "license": "MIT"
    },
    "node_modules/for-each": {
      "version": "0.3.5",
      "resolved": "https://registry.npmjs.org/for-each/-/for-each-0.3.5.tgz",
      "integrity": "sha512-dKx12eRCVIzqCxFGplyFKJMPvLEWgmNtUrpTiJIR5u97zEhRG8ySrtboPHZXx7daLxQVrl643cTzbab2tkQjxg==",
      "license": "MIT",
      "dependencies": {
        "is-callable": "^1.2.7"
      },
      "engines": {
        "node": ">= 0.4"
      },
      "funding": {
        "url": "https://github.com/sponsors/ljharb"
      }
    },
    "node_modules/function-bind": {
      "version": "1.1.2",
      "resolved": "https://registry.npmjs.org/function-bind/-/function-bind-1.1.2.tgz",
      "integrity": "sha512-7XHNxH7qX9xG5mIwxkhumTox/MIRNcOgDrxWsMt2pAr23WHp6MrRlN7FBSFpCpr+oVO0F744iUgR82nJMfG2SA==",
      "license": "MIT",
      "funding": {
        "url": "https://github.com/sponsors/ljharb"
      }
    },
    "node_modules/get-intrinsic": {
      "version": "1.3.0",
      "resolved": "https://registry.npmjs.org/get-intrinsic/-/get-intrinsic-1.3.0.tgz",
      "integrity": "sha512-9fSjSaos/fRIVIp+xSJlE6lfwhES7LNtKaCBIamHsjr2na1BiABJPo0mOjjz8GJDURarmCPGqaiVg5mfjb98CQ==",
      "license": "MIT",
      "dependencies": {
        "call-bind-apply-helpers": "^1.0.2",
        "es-define-property": "^1.0.1",
        "es-errors": "^1.3.0",
        "es-object-atoms": "^1.1.1",
        "function-bind": "^1.1.2",
        "get-proto": "^1.0.1",
        "gopd": "^1.2.0",
        "has-symbols": "^1.1.0",
        "hasown": "^2.0.2",
        "math-intrinsics": "^1.1.0"
      },
      "engines": {
        "node": ">= 0.4"
      },
      "funding": {
        "url": "https://github.com/sponsors/ljharb"
      }
    },
    "node_modules/get-proto": {
      "version": "1.0.1",
      "resolved": "https://registry.npmjs.org/get-proto/-/get-proto-1.0.1.tgz",
      "integrity": "sha512-sTSfBjoXBp89JvIKIefqw7U2CCebsc74kiY6awiGogKtoSGbgjYE/G/+l9sF3MWFPNc9IcoOC4ODfKHfxFmp0g==",
      "license": "MIT",
      "dependencies": {
        "dunder-proto": "^1.0.1",
        "es-object-atoms": "^1.0.0"
      },
      "engines": {
        "node": ">= 0.4"
      }
    },
    "node_modules/gopd": {
      "version": "1.2.0",
      "resolved": "https://registry.npmjs.org/gopd/-/gopd-1.2.0.tgz",
      "integrity": "sha512-ZUKRh6/kUFoAiTAtTYPZJ3hw9wNxx+BIBOijnlG9PnrJsCcSjs1wyyD6vJpaYtgnzDrKYRSqf3OO6Rfa93xsRg==",
      "license": "MIT",
      "engines": {
        "node": ">= 0.4"
      },
      "funding": {
        "url": "https://github.com/sponsors/ljharb"
      }
    },
    "node_modules/has-property-descriptors": {
      "version": "1.0.2",
      "resolved": "https://registry.npmjs.org/has-property-descriptors/-/has-property-descriptors-1.0.2.tgz",
      "integrity": "sha512-55JNKuIW+vq4Ke1BjOTjM2YctQIvCT7GFzHwmfZPGo5wnrgkid0YQtnAleFSqumZm4az3n2BS+erby5ipJdgrg==",
      "license": "MIT",
      "dependencies": {
        "es-define-property": "^1.0.0"
      },
      "funding": {
        "url": "https://github.com/sponsors/ljharb"
      }
    },
    "node_modules/has-symbols": {
      "version": "1.1.0",
      "resolved": "https://registry.npmjs.org/has-symbols/-/has-symbols-1.1.0.tgz",
      "integrity": "sha512-1cDNdwJ2Jaohmb3sg4OmKaMBwuC48sYni5HUw2DvsC8LjGTLK9h+eb1X6RyuOHe4hT0ULCW68iomhjUoKUqlPQ==",
      "license": "MIT",
      "engines": {
        "node": ">= 0.4"
      },
      "funding": {
        "url": "https://github.com/sponsors/ljharb"
      }
    },
    "node_modules/has-tostringtag": {
      "version": "1.0.2",
      "resolved": "https://registry.npmjs.org/has-tostringtag/-/has-tostringtag-1.0.2.tgz",
      "integrity": "sha512-NqADB8VjPFLM2V0VvHUewwwsw0ZWBaIdgo+ieHtK3hasLz4qeCRjYcqfB6AQrBggRKppKF8L52/VqdVsO47Dlw==",
      "license": "MIT",
      "dependencies": {
        "has-symbols": "^1.0.3"
      },
      "engines": {
        "node": ">= 0.4"
      },
      "funding": {
        "url": "https://github.com/sponsors/ljharb"
      }
    },
    "node_modules/hash-base": {
      "version": "3.1.2",
      "resolved": "https://registry.npmjs.org/hash-base/-/hash-base-3.1.2.tgz",
      "integrity": "sha512-Bb33KbowVTIj5s7Ked1OsqHUeCpz//tPwR+E2zJgJKo9Z5XolZ9b6bdUgjmYlwnWhoOQKoTd1TYToZGn5mAYOg==",
      "license": "MIT",
      "dependencies": {
        "inherits": "^2.0.4",
        "readable-stream": "^2.3.8",
        "safe-buffer": "^5.2.1",
        "to-buffer": "^1.2.1"
      },
      "engines": {
        "node": ">= 0.8"
      }
    },
    "node_modules/hasown": {
      "version": "2.0.2",
      "resolved": "https://registry.npmjs.org/hasown/-/hasown-2.0.2.tgz",
      "integrity": "sha512-0hJU9SCPvmMzIBdZFqNPXWa6dqh7WdH0cII9y+CyS8rG3nL48Bclra9HmKhVVUHyPWNH5Y7xDwAB7bfgSjkUMQ==",
      "license": "MIT",
      "dependencies": {
        "function-bind": "^1.1.2"
      },
      "engines": {
        "node": ">= 0.4"
      }
    },
    "node_modules/inherits": {
      "version": "2.0.4",
      "resolved": "https://registry.npmjs.org/inherits/-/inherits-2.0.4.tgz",
      "integrity": "sha512-k/vGaX4/Yla3WzyMCvTQOXYeIHvqOKtnqBduzTHpzpQZzAskKMhZ2K+EnBiSM9zGSoIFeMpXKxa4dYeZIQqewQ==",
      "license": "ISC"
    },
    "node_modules/is-callable": {
      "version": "1.2.7",
      "resolved": "https://registry.npmjs.org/is-callable/-/is-callable-1.2.7.tgz",
      "integrity": "sha512-1BC0BVFhS/p0qtw6enp8e+8OD0UrK0oFLztSjNzhcKA3WDuJxxAPXzPuPtKkjEY9UUoEWlX/8fgKeu2S8i9JTA==",
      "license": "MIT",
      "engines": {
        "node": ">= 0.4"
      },
      "funding": {
        "url": "https://github.com/sponsors/ljharb"
      }
    },
    "node_modules/is-typed-array": {
      "version": "1.1.15",
      "resolved": "https://registry.npmjs.org/is-typed-array/-/is-typed-array-1.1.15.tgz",
      "integrity": "sha512-p3EcsicXjit7SaskXHs1hA91QxgTw46Fv6EFKKGS5DRFLD8yKnohjF3hxoju94b/OcMZoQukzpPpBE9uLVKzgQ==",
      "license": "MIT",
      "dependencies": {
        "which-typed-array": "^1.1.16"
      },
      "engines": {
        "node": ">= 0.4"
      },
      "funding": {
        "url": "https://github.com/sponsors/ljharb"
      }
    },
    "node_modules/isarray": {
      "version": "1.0.0",
      "resolved": "https://registry.npmjs.org/isarray/-/isarray-1.0.0.tgz",
      "integrity": "sha512-VLghIWNM6ELQzo7zwmcg0NmTVyWKYjvIeM83yjp0wRDTmUnrM678fQbcKBo6n2CJEF0szoG//ytg+TKla89ALQ==",
      "license": "MIT"
    },
    "node_modules/math-intrinsics": {
      "version": "1.1.0",
      "resolved": "https://registry.npmjs.org/math-intrinsics/-/math-intrinsics-1.1.0.tgz",
      "integrity": "sha512-/IXtbwEk5HTPyEwyKX6hGkYXxM9nbj64B+ilVJnC/R6B0pH5G4V3b0pVbL7DBj4tkhBAppbQUlf6F6Xl9LHu1g==",
      "license": "MIT",
      "engines": {
        "node": ">= 0.4"
      }
    },
    "node_modules/md5.js": {
      "version": "1.3.5",
      "resolved": "https://registry.npmjs.org/md5.js/-/md5.js-1.3.5.tgz",
      "integrity": "sha512-xitP+WxNPcTTOgnTJcrhM0xvdPepipPSf3I8EIpGKeFLjt3PlJLIDG3u8EX53ZIubkb+5U2+3rELYpEhHhzdkg==",
      "license": "MIT",
      "dependencies": {
        "hash-base": "^3.0.0",
        "inherits": "^2.0.1",
        "safe-buffer": "^5.1.2"
      }
    },
    "node_modules/possible-typed-array-names": {
      "version": "1.1.0",
      "resolved": "https://registry.npmjs.org/possible-typed-array-names/-/possible-typed-array-names-1.1.0.tgz",
      "integrity": "sha512-/+5VFTchJDoVj3bhoqi6UeymcD00DAwb1nJwamzPvHEszJ4FpF6SNNbUbOS8yI56qHzdV8eK0qEfOSiodkTdxg==",
      "license": "MIT",
      "engines": {
        "node": ">= 0.4"
      }
    },
    "node_modules/process-nextick-args": {
      "version": "2.0.1",
      "resolved": "https://registry.npmjs.org/process-nextick-args/-/process-nextick-args-2.0.1.tgz",
      "integrity": "sha512-3ouUOpQhtgrbOa17J7+uxOTpITYWaGP7/AhoR3+A+/1e9skrzelGi/dXzEYyvbxubEF6Wn2ypscTKiKJFFn1ag==",
      "license": "MIT"
    },
    "node_modules/readable-stream": {
      "version": "2.3.8",
      "resolved": "https://registry.npmjs.org/readable-stream/-/readable-stream-2.3.8.tgz",
      "integrity": "sha512-8p0AUk4XODgIewSi0l8Epjs+EVnWiK7NoDIEGU0HhE7+ZyY8D1IMY7odu5lRrFXGg71L15KG8QrPmum45RTtdA==",
      "license": "MIT",
      "dependencies": {
        "core-util-is": "~1.0.0",
        "inherits": "~2.0.3",
        "isarray": "~1.0.0",
        "process-nextick-args": "~2.0.0",
        "safe-buffer": "~5.1.1",
        "string_decoder": "~1.1.1",
        "util-deprecate": "~1.0.1"
      }
    },
    "node_modules/readable-stream/node_modules/safe-buffer": {
      "version": "5.1.2",
      "resolved": "https://registry.npmjs.org/safe-buffer/-/safe-buffer-5.1.2.tgz",
      "integrity": "sha512-Gd2UZBJDkXlY7GbJxfsE8/nvKkUEU1G38c1siN6QP6a9PT9MmHB8GnpscSmMJSoF8LOIrt8ud/wPtojys4G6+g==",
      "license": "MIT"
    },
    "node_modules/ripemd160": {
      "version": "2.0.3",
      "resolved": "https://registry.npmjs.org/ripemd160/-/ripemd160-2.0.3.tgz",
      "integrity": "sha512-5Di9UC0+8h1L6ZD2d7awM7E/T4uA1fJRlx6zk/NvdCCVEoAnFqvHmCuNeIKoCeIixBX/q8uM+6ycDvF8woqosA==",
      "license": "MIT",
      "dependencies": {
        "hash-base": "^3.1.2",
        "inherits": "^2.0.4"
      },
      "engines": {
        "node": ">= 0.8"
      }
    },
    "node_modules/safe-buffer": {
      "version": "5.2.1",
      "resolved": "https://registry.npmjs.org/safe-buffer/-/safe-buffer-5.2.1.tgz",
      "integrity": "sha512-rp3So07KcdmmKbGvgaNxQSJr7bGVSVk5S9Eq1F+ppbRo70+YeaDxkw5Dd8NPN+GD6bjnYm2VuPuCXmpuYvmCXQ==",
      "funding": [
        {
          "type": "github",
          "url": "https://github.com/sponsors/feross"
        },
        {
          "type": "patreon",
          "url": "https://www.patreon.com/feross"
        },
        {
          "type": "consulting",
          "url": "https://feross.org/support"
        }
      ],
      "license": "MIT"
    },
    "node_modules/set-function-length": {
      "version": "1.2.2",
      "resolved": "https://registry.npmjs.org/set-function-length/-/set-function-length-1.2.2.tgz",
      "integrity": "sha512-pgRc4hJ4/sNjWCSS9AmnS40x3bNMDTknHgL5UaMBTMyJnU90EgWh1Rz+MC9eFu4BuN/UwZjKQuY/1v3rM7HMfg==",
      "license": "MIT",
      "dependencies": {
        "define-data-property": "^1.1.4",
        "es-errors": "^1.3.0",
        "function-bind": "^1.1.2",
        "get-intrinsic": "^1.2.4",
        "gopd": "^1.0.1",
        "has-property-descriptors": "^1.0.2"
      },
      "engines": {
        "node": ">= 0.4"
      }
    },
    "node_modules/sha.js": {
      "version": "2.4.12",
      "resolved": "https://registry.npmjs.org/sha.js/-/sha.js-2.4.12.tgz",
      "integrity": "sha512-8LzC5+bvI45BjpfXU8V5fdU2mfeKiQe1D1gIMn7XUlF3OTUrpdJpPPH4EMAnF0DsHHdSZqCdSss5qCmJKuiO3w==",
      "license": "(MIT AND BSD-3-Clause)",
      "dependencies": {
        "inherits": "^2.0.4",
        "safe-buffer": "^5.2.1",
        "to-buffer": "^1.2.0"
      },
      "bin": {
        "sha.js": "bin.js"
      },
      "engines": {
        "node": ">= 0.10"
      },
      "funding": {
        "url": "https://github.com/sponsors/ljharb"
      }
    },
    "node_modules/string_decoder": {
      "version": "1.1.1",
      "resolved": "https://registry.npmjs.org/string_decoder/-/string_decoder-1.1.1.tgz",
      "integrity": "sha512-n/ShnvDi6FHbbVfviro+WojiFzv+s8MPMHBczVePfUpDJLwoLT0ht1l4YwBCbi8pJAveEEdnkHyPyTP/mzRfwg==",
      "license": "MIT",
      "dependencies": {
        "safe-buffer": "~5.1.0"
      }
    },
    "node_modules/string_decoder/node_modules/safe-buffer": {
      "version": "5.1.2",
      "resolved": "https://registry.npmjs.org/safe-buffer/-/safe-buffer-5.1.2.tgz",
      "integrity": "sha512-Gd2UZBJDkXlY7GbJxfsE8/nvKkUEU1G38c1siN6QP6a9PT9MmHB8GnpscSmMJSoF8LOIrt8ud/wPtojys4G6+g==",
      "license": "MIT"
    },
    "node_modules/tiny-secp256k1": {
      "version": "2.2.4",
      "resolved": "https://registry.npmjs.org/tiny-secp256k1/-/tiny-secp256k1-2.2.4.tgz",
      "integrity": "sha512-FoDTcToPqZE454Q04hH9o2EhxWsm7pOSpicyHkgTwKhdKWdsTUuqfP5MLq3g+VjAtl2vSx6JpXGdwA2qpYkI0Q==",
      "license": "MIT",
      "dependencies": {
        "uint8array-tools": "0.0.7"
      },
      "engines": {
        "node": ">=14.0.0"
      }
    },
    "node_modules/tiny-secp256k1/node_modules/uint8array-tools": {
      "version": "0.0.7",
      "resolved": "https://registry.npmjs.org/uint8array-tools/-/uint8array-tools-0.0.7.tgz",
      "integrity": "sha512-vrrNZJiusLWoFWBqz5Y5KMCgP9W9hnjZHzZiZRT8oNAkq3d5Z5Oe76jAvVVSRh4U8GGR90N2X1dWtrhvx6L8UQ==",
      "license": "MIT",
      "engines": {
        "node": ">=14.0.0"
      }
    },
    "node_modules/to-buffer": {
      "version": "1.2.2",
      "resolved": "https://registry.npmjs.org/to-buffer/-/to-buffer-1.2.2.tgz",
      "integrity": "sha512-db0E3UJjcFhpDhAF4tLo03oli3pwl3dbnzXOUIlRKrp+ldk/VUxzpWYZENsw2SZiuBjHAk7DfB0VU7NKdpb6sw==",
      "license": "MIT",
      "dependencies": {
        "isarray": "^2.0.5",
        "safe-buffer": "^5.2.1",
        "typed-array-buffer": "^1.0.3"
      },
      "engines": {
        "node": ">= 0.4"
      }
    },
    "node_modules/to-buffer/node_modules/isarray": {
      "version": "2.0.5",
      "resolved": "https://registry.npmjs.org/isarray/-/isarray-2.0.5.tgz",
      "integrity": "sha512-xHjhDr3cNBK0BzdUJSPXZntQUx/mwMS5Rw4A7lPJ90XGAO6ISP/ePDNuo0vhqOZU+UD5JoodwCAAoZQd3FeAKw==",
      "license": "MIT"
    },
    "node_modules/tslib": {
      "version": "2.8.1",
      "resolved": "https://registry.npmjs.org/tslib/-/tslib-2.8.1.tgz",
      "integrity": "sha512-oJFu94HQb+KVduSUQL7wnpmqnfmLsOA/nAh6b6EH0wCEoK0/mPeXU6c3wKDV83MkOuHPRHtSXKKU99IBazS/2w==",
      "license": "0BSD"
    },
    "node_modules/tweetnacl": {
      "version": "1.0.3",
      "resolved": "https://registry.npmjs.org/tweetnacl/-/tweetnacl-1.0.3.tgz",
      "integrity": "sha512-6rt+RN7aOi1nGMyC4Xa5DdYiukl2UWCbcJft7YhxReBGQD7OAM8Pbxw6YMo4r2diNEA8FEmu32YOn9rhaiE5yw==",
      "license": "Unlicense"
    },
    "node_modules/typed-array-buffer": {
      "version": "1.0.3",
      "resolved": "https://registry.npmjs.org/typed-array-buffer/-/typed-array-buffer-1.0.3.tgz",
      "integrity": "sha512-nAYYwfY3qnzX30IkA6AQZjVbtK6duGontcQm1WSG1MD94YLqK0515GNApXkoxKOWMusVssAHWLh9SeaoefYFGw==",
      "license": "MIT",
      "dependencies": {
        "call-bound": "^1.0.3",
        "es-errors": "^1.3.0",
        "is-typed-array": "^1.1.14"
      },
      "engines": {
        "node": ">= 0.4"
      }
    },
    "node_modules/uint8array-tools": {
      "version": "0.0.8",
      "resolved": "https://registry.npmjs.org/uint8array-tools/-/uint8array-tools-0.0.8.tgz",
      "integrity": "sha512-xS6+s8e0Xbx++5/0L+yyexukU7pz//Yg6IHg3BKhXotg1JcYtgxVcUctQ0HxLByiJzpAkNFawz1Nz5Xadzo82g==",
      "license": "MIT",
      "engines": {
        "node": ">=14.0.0"
      }
    },
    "node_modules/undici-types": {
      "version": "7.14.0",
      "resolved": "https://registry.npmjs.org/undici-types/-/undici-types-7.14.0.tgz",
      "integrity": "sha512-QQiYxHuyZ9gQUIrmPo3IA+hUl4KYk8uSA7cHrcKd/l3p1OTpZcM0Tbp9x7FAtXdAYhlasd60ncPpgu6ihG6TOA==",
      "license": "MIT"
    },
    "node_modules/util-deprecate": {
      "version": "1.0.2",
      "resolved": "https://registry.npmjs.org/util-deprecate/-/util-deprecate-1.0.2.tgz",
      "integrity": "sha512-EPD5q1uXyFxJpCrLnCc1nHnq3gOa6DZBocAIiI2TaSCA7VCJ1UJDMagCzIkXNsUYfD1daK//LTEQ8xiIbrHtcw==",
      "license": "MIT"
    },
    "node_modules/valibot": {
      "version": "0.37.0",
      "resolved": "https://registry.npmjs.org/valibot/-/valibot-0.37.0.tgz",
      "integrity": "sha512-FQz52I8RXgFgOHym3XHYSREbNtkgSjF9prvMFH1nBsRyfL6SfCzoT1GuSDTlbsuPubM7/6Kbw0ZMQb8A+V+VsQ==",
      "license": "MIT",
      "peerDependencies": {
        "typescript": ">=5"
      },
      "peerDependenciesMeta": {
        "typescript": {
          "optional": true
        }
      }
    },
    "node_modules/varuint-bitcoin": {
      "version": "2.0.0",
      "resolved": "https://registry.npmjs.org/varuint-bitcoin/-/varuint-bitcoin-2.0.0.tgz",
      "integrity": "sha512-6QZbU/rHO2ZQYpWFDALCDSRsXbAs1VOEmXAxtbtjLtKuMJ/FQ8YbhfxlaiKv5nklci0M6lZtlZyxo9Q+qNnyog==",
      "license": "MIT",
      "dependencies": {
        "uint8array-tools": "^0.0.8"
      }
    },
    "node_modules/which-typed-array": {
      "version": "1.1.19",
      "resolved": "https://registry.npmjs.org/which-typed-array/-/which-typed-array-1.1.19.tgz",
      "integrity": "sha512-rEvr90Bck4WZt9HHFC4DJMsjvu7x+r6bImz0/BrbWb7A2djJ8hnZMrWnHo9F8ssv0OMErasDhftrfROTyqSDrw==",
      "license": "MIT",
      "dependencies": {
        "available-typed-arrays": "^1.0.7",
        "call-bind": "^1.0.8",
        "call-bound": "^1.0.4",
        "for-each": "^0.3.5",
        "get-proto": "^1.0.1",
        "gopd": "^1.2.0",
        "has-tostringtag": "^1.0.2"
      },
      "engines": {
        "node": ">= 0.4"
      },
      "funding": {
        "url": "https://github.com/sponsors/ljharb"
      }
    },
    "node_modules/wif": {
      "version": "5.0.0",
      "resolved": "https://registry.npmjs.org/wif/-/wif-5.0.0.tgz",
      "integrity": "sha512-iFzrC/9ne740qFbNjTZ2FciSRJlHIXoxqk/Y5EnE08QOXu1WjJyCCswwDTYbohAOEnlCtLaAAQBhyaLRFh2hMA==",
      "license": "MIT",
      "dependencies": {
        "bs58check": "^4.0.0"
      }
    },
    "node_modules/ws": {
      "version": "8.17.1",
      "resolved": "https://registry.npmjs.org/ws/-/ws-8.17.1.tgz",
      "integrity": "sha512-6XQFvXTkbfUOZOKKILFG1PDK2NDQs4azKQl26T0YS5CxqWLgXajbPZ+h4gZekJyRqFU8pvnbAbbs/3TgRPy+GQ==",
      "license": "MIT",
      "engines": {
        "node": ">=10.0.0"
      },
      "peerDependencies": {
        "bufferutil": "^4.0.1",
        "utf-8-validate": ">=5.0.2"
      },
      "peerDependenciesMeta": {
        "bufferutil": {
          "optional": true
        },
        "utf-8-validate": {
          "optional": true
        }
      }
    }
  }
}
